// !$*UTF8*$!
{
	archiveVersion = 1;
	classes = {
	};
	objectVersion = 46;
	objects = {

/* Begin PBXBuildFile section */
		5090E01F1EE862A600313E64 /* AppDelegate.swift in Sources */ = {isa = PBXBuildFile; fileRef = 5090E01E1EE862A600313E64 /* AppDelegate.swift */; };
		5090E0211EE862A700313E64 /* ViewController.swift in Sources */ = {isa = PBXBuildFile; fileRef = 5090E0201EE862A700313E64 /* ViewController.swift */; };
		5090E0241EE862A800313E64 /* Main.storyboard in Resources */ = {isa = PBXBuildFile; fileRef = 5090E0221EE862A800313E64 /* Main.storyboard */; };
		5090E0261EE862AA00313E64 /* Assets.xcassets in Resources */ = {isa = PBXBuildFile; fileRef = 5090E0251EE862AA00313E64 /* Assets.xcassets */; };
		5090E0291EE862AB00313E64 /* LaunchScreen.storyboard in Resources */ = {isa = PBXBuildFile; fileRef = 5090E0271EE862AB00313E64 /* LaunchScreen.storyboard */; };
/* End PBXBuildFile section */

/* Begin PBXFileReference section */
		5090E01B1EE862A300313E64 /* Rock Paper Scissors Bang.app */ = {isa = PBXFileReference; explicitFileType = wrapper.application; includeInIndex = 0; path = "Rock Paper Scissors Bang.app"; sourceTree = BUILT_PRODUCTS_DIR; };
		5090E01E1EE862A600313E64 /* AppDelegate.swift */ = {isa = PBXFileReference; lastKnownFileType = sourcecode.swift; path = AppDelegate.swift; sourceTree = "<group>"; };
		5090E0201EE862A700313E64 /* ViewController.swift */ = {isa = PBXFileReference; lastKnownFileType = sourcecode.swift; path = ViewController.swift; sourceTree = "<group>"; };
		5090E0231EE862A800313E64 /* Base */ = {isa = PBXFileReference; lastKnownFileType = file.storyboard; name = Base; path = Base.lproj/Main.storyboard; sourceTree = "<group>"; };
		5090E0251EE862AA00313E64 /* Assets.xcassets */ = {isa = PBXFileReference; lastKnownFileType = folder.assetcatalog; path = Assets.xcassets; sourceTree = "<group>"; };
		5090E0281EE862AB00313E64 /* Base */ = {isa = PBXFileReference; lastKnownFileType = file.storyboard; name = Base; path = Base.lproj/LaunchScreen.storyboard; sourceTree = "<group>"; };
		5090E02A1EE862AD00313E64 /* Info.plist */ = {isa = PBXFileReference; lastKnownFileType = text.plist.xml; path = Info.plist; sourceTree = "<group>"; };
/* End PBXFileReference section */

/* Begin PBXFrameworksBuildPhase section */
		5090E0181EE862A300313E64 /* Frameworks */ = {
			isa = PBXFrameworksBuildPhase;
			buildActionMask = 2147483647;
			files = (
			);
			runOnlyForDeploymentPostprocessing = 0;
		};
/* End PBXFrameworksBuildPhase section */

/* Begin PBXGroup section */
		5090E0121EE8629E00313E64 = {
			isa = PBXGroup;
			children = (
				5090E01D1EE862A400313E64 /* Rock Paper Scissors Bang */,
				5090E01C1EE862A300313E64 /* Products */,
			);
			sourceTree = "<group>";
		};
		5090E01C1EE862A300313E64 /* Products */ = {
			isa = PBXGroup;
			children = (
				5090E01B1EE862A300313E64 /* Rock Paper Scissors Bang.app */,
			);
			name = Products;
			sourceTree = "<group>";
		};
		5090E01D1EE862A400313E64 /* Rock Paper Scissors Bang */ = {
			isa = PBXGroup;
			children = (
				5090E01E1EE862A600313E64 /* AppDelegate.swift */,
				5090E0201EE862A700313E64 /* ViewController.swift */,
				5090E0221EE862A800313E64 /* Main.storyboard */,
				5090E0251EE862AA00313E64 /* Assets.xcassets */,
				5090E0271EE862AB00313E64 /* LaunchScreen.storyboard */,
				5090E02A1EE862AD00313E64 /* Info.plist */,
			);
			path = "Rock Paper Scissors Bang";
			sourceTree = "<group>";
		};
/* End PBXGroup section */

/* Begin PBXNativeTarget section */
		5090E01A1EE862A300313E64 /* Rock Paper Scissors Bang */ = {
			isa = PBXNativeTarget;
			buildConfigurationList = 5090E02D1EE862AD00313E64 /* Build configuration list for PBXNativeTarget "Rock Paper Scissors Bang" */;
			buildPhases = (
				5090E0171EE862A300313E64 /* Sources */,
				5090E0181EE862A300313E64 /* Frameworks */,
				5090E0191EE862A300313E64 /* Resources */,
			);
			buildRules = (
			);
			dependencies = (
			);
			name = "Rock Paper Scissors Bang";
			productName = "Rock Paper Scissors Bang";
			productReference = 5090E01B1EE862A300313E64 /* Rock Paper Scissors Bang.app */;
			productType = "com.apple.product-type.application";
		};
/* End PBXNativeTarget section */

/* Begin PBXProject section */
		5090E0131EE8629F00313E64 /* Project object */ = {
			isa = PBXProject;
			attributes = {
				LastSwiftUpdateCheck = 0830;
				LastUpgradeCheck = 0830;
				ORGANIZATIONNAME = Deborah;
				TargetAttributes = {
					5090E01A1EE862A300313E64 = {
						CreatedOnToolsVersion = 8.3.2;
						DevelopmentTeam = 4J6N8TR2LN;
						ProvisioningStyle = Automatic;
					};
				};
			};
			buildConfigurationList = 5090E0161EE862A100313E64 /* Build configuration list for PBXProject "Rock Paper Scissors Bang" */;
			compatibilityVersion = "Xcode 3.2";
			developmentRegion = English;
			hasScannedForEncodings = 0;
			knownRegions = (
				en,
				Base,
			);
			mainGroup = 5090E0121EE8629E00313E64;
			productRefGroup = 5090E01C1EE862A300313E64 /* Products */;
			projectDirPath = "";
			projectRoot = "";
			targets = (
				5090E01A1EE862A300313E64 /* Rock Paper Scissors Bang */,
			);
		};
/* End PBXProject section */

/* Begin PBXResourcesBuildPhase section */
		5090E0191EE862A300313E64 /* Resources */ = {
			isa = PBXResourcesBuildPhase;
			buildActionMask = 2147483647;
			files = (
				5090E0291EE862AB00313E64 /* LaunchScreen.storyboard in Resources */,
				5090E0261EE862AA00313E64 /* Assets.xcassets in Resources */,
				5090E0241EE862A800313E64 /* Main.storyboard in Resources */,
			);
			runOnlyForDeploymentPostprocessing = 0;
		};
/* End PBXResourcesBuildPhase section */

/* Begin PBXSourcesBuildPhase section */
		5090E0171EE862A300313E64 /* Sources */ = {
			isa = PBXSourcesBuildPhase;
			buildActionMask = 2147483647;
			files = (
				5090E0211EE862A700313E64 /* ViewController.swift in Sources */,
				5090E01F1EE862A600313E64 /* AppDelegate.swift in Sources */,
			);
			runOnlyForDeploymentPostprocessing = 0;
		};
/* End PBXSourcesBuildPhase section */

/* Begin PBXVariantGroup section */
		5090E0221EE862A800313E64 /* Main.storyboard */ = {
			isa = PBXVariantGroup;
			children = (
				5090E0231EE862A800313E64 /* Base */,
			);
			name = Main.storyboard;
			sourceTree = "<group>";
		};
		5090E0271EE862AB00313E64 /* LaunchScreen.storyboard */ = {
			isa = PBXVariantGroup;
			children = (
				5090E0281EE862AB00313E64 /* Base */,
			);
			name = LaunchScreen.storyboard;
			sourceTree = "<group>";
		};
/* End PBXVariantGroup section */

/* Begin XCBuildConfiguration section */
		5090E02B1EE862AD00313E64 /* Debug */ = {
			isa = XCBuildConfiguration;
			buildSettings = {
				ALWAYS_SEARCH_USER_PATHS = NO;
				CLANG_ANALYZER_NONNULL = YES;
				CLANG_ANALYZER_NUMBER_OBJECT_CONVERSION = YES_AGGRESSIVE;
				CLANG_CXX_LANGUAGE_STANDARD = "gnu++0x";
				CLANG_CXX_LIBRARY = "libc++";
				CLANG_ENABLE_MODULES = YES;
				CLANG_ENABLE_OBJC_ARC = YES;
				CLANG_WARN_BOOL_CONVERSION = YES;
				CLANG_WARN_CONSTANT_CONVERSION = YES;
				CLANG_WARN_DIRECT_OBJC_ISA_USAGE = YES_ERROR;
				CLANG_WARN_DOCUMENTATION_COMMENTS = YES;
				CLANG_WARN_EMPTY_BODY = YES;
				CLANG_WARN_ENUM_CONVERSION = YES;
				CLANG_WARN_INFINITE_RECURSION = YES;
				CLANG_WARN_INT_CONVERSION = YES;
				CLANG_WARN_OBJC_ROOT_CLASS = YES_ERROR;
				CLANG_WARN_SUSPICIOUS_MOVE = YES;
				CLANG_WARN_UNREACHABLE_CODE = YES;
				CLANG_WARN__DUPLICATE_METHOD_MATCH = YES;
				"CODE_SIGN_IDENTITY[sdk=iphoneos*]" = "iPhone Developer";
				COPY_PHASE_STRIP = NO;
				DEBUG_INFORMATION_FORMAT = dwarf;
				ENABLE_STRICT_OBJC_MSGSEND = YES;
				ENABLE_TESTABILITY = YES;
				GCC_C_LANGUAGE_STANDARD = gnu99;
				GCC_DYNAMIC_NO_PIC = NO;
				GCC_NO_COMMON_BLOCKS = YES;
				GCC_OPTIMIZATION_LEVEL = 0;
				GCC_PREPROCESSOR_DEFINITIONS = (
					"DEBUG=1",
					"$(inherited)",
				);
				GCC_WARN_64_TO_32_BIT_CONVERSION = YES;
				GCC_WARN_ABOUT_RETURN_TYPE = YES_ERROR;
				GCC_WARN_UNDECLARED_SELECTOR = YES;
				GCC_WARN_UNINITIALIZED_AUTOS = YES_AGGRESSIVE;
				GCC_WARN_UNUSED_FUNCTION = YES;
				GCC_WARN_UNUSED_VARIABLE = YES;
				IPHONEOS_DEPLOYMENT_TARGET = 10.3;
				MTL_ENABLE_DEBUG_INFO = YES;
				ONLY_ACTIVE_ARCH = YES;
				SDKROOT = iphoneos;
				SWIFT_ACTIVE_COMPILATION_CONDITIONS = DEBUG;
				SWIFT_OPTIMIZATION_LEVEL = "-Onone";
			};
			name = Debug;
		};
		5090E02C1EE862AD00313E64 /* Release */ = {
			isa = XCBuildConfiguration;
			buildSettings = {
				ALWAYS_SEARCH_USER_PATHS = NO;
				CLANG_ANALYZER_NONNULL = YES;
				CLANG_ANALYZER_NUMBER_OBJECT_CONVERSION = YES_AGGRESSIVE;
				CLANG_CXX_LANGUAGE_STANDARD = "gnu++0x";
				CLANG_CXX_LIBRARY = "libc++";
				CLANG_ENABLE_MODULES = YES;
				CLANG_ENABLE_OBJC_ARC = YES;
				CLANG_WARN_BOOL_CONVERSION = YES;
				CLANG_WARN_CONSTANT_CONVERSION = YES;
				CLANG_WARN_DIRECT_OBJC_ISA_USAGE = YES_ERROR;
				CLANG_WARN_DOCUMENTATION_COMMENTS = YES;
				CLANG_WARN_EMPTY_BODY = YES;
				CLANG_WARN_ENUM_CONVERSION = YES;
				CLANG_WARN_INFINITE_RECURSION = YES;
				CLANG_WARN_INT_CONVERSION = YES;
				CLANG_WARN_OBJC_ROOT_CLASS = YES_ERROR;
				CLANG_WARN_SUSPICIOUS_MOVE = YES;
				CLANG_WARN_UNREACHABLE_CODE = YES;
				CLANG_WARN__DUPLICATE_METHOD_MATCH = YES;
				"CODE_SIGN_IDENTITY[sdk=iphoneos*]" = "iPhone Developer";
				COPY_PHASE_STRIP = NO;
				DEBUG_INFORMATION_FORMAT = "dwarf-with-dsym";
				ENABLE_NS_ASSERTIONS = NO;
				ENABLE_STRICT_OBJC_MSGSEND = YES;
				GCC_C_LANGUAGE_STANDARD = gnu99;
				GCC_NO_COMMON_BLOCKS = YES;
				GCC_WARN_64_TO_32_BIT_CONVERSION = YES;
				GCC_WARN_ABOUT_RETURN_TYPE = YES_ERROR;
				GCC_WARN_UNDECLARED_SELECTOR = YES;
				GCC_WARN_UNINITIALIZED_AUTOS = YES_AGGRESSIVE;
				GCC_WARN_UNUSED_FUNCTION = YES;
				GCC_WARN_UNUSED_VARIABLE = YES;
				IPHONEOS_DEPLOYMENT_TARGET = 10.3;
				MTL_ENABLE_DEBUG_INFO = NO;
				SDKROOT = iphoneos;
				SWIFT_OPTIMIZATION_LEVEL = "-Owholemodule";
				VALIDATE_PRODUCT = YES;
			};
			name = Release;
		};
		5090E02E1EE862AD00313E64 /* Debug */ = {
			isa = XCBuildConfiguration;
			buildSettings = {
				ASSETCATALOG_COMPILER_APPICON_NAME = AppIcon;
				DEVELOPMENT_TEAM = 4J6N8TR2LN;
				INFOPLIST_FILE = "Rock Paper Scissors Bang/Info.plist";
				LD_RUNPATH_SEARCH_PATHS = "$(inherited) @executable_path/Frameworks";
				PRODUCT_BUNDLE_IDENTIFIER = "com.Deborah.Rock-Paper-Scissors-Bang";
				PRODUCT_NAME = "$(TARGET_NAME)";
				SWIFT_VERSION = 3.0;
			};
			name = Debug;
		};
		5090E02F1EE862AD00313E64 /* Release */ = {
			isa = XCBuildConfiguration;
			buildSettings = {
				ASSETCATALOG_COMPILER_APPICON_NAME = AppIcon;
				DEVELOPMENT_TEAM = 4J6N8TR2LN;
				INFOPLIST_FILE = "Rock Paper Scissors Bang/Info.plist";
				LD_RUNPATH_SEARCH_PATHS = "$(inherited) @executable_path/Frameworks";
				PRODUCT_BUNDLE_IDENTIFIER = "com.Deborah.Rock-Paper-Scissors-Bang";
				PRODUCT_NAME = "$(TARGET_NAME)";
				SWIFT_VERSION = 3.0;
			};
			name = Release;
		};
/* End XCBuildConfiguration section */

/* Begin XCConfigurationList section */
		5090E0161EE862A100313E64 /* Build configuration list for PBXProject "Rock Paper Scissors Bang" */ = {
			isa = XCConfigurationList;
			buildConfigurations = (
				5090E02B1EE862AD00313E64 /* Debug */,
				5090E02C1EE862AD00313E64 /* Release */,
			);
			defaultConfigurationIsVisible = 0;
			defaultConfigurationName = Release;
		};
		5090E02D1EE862AD00313E64 /* Build configuration list for PBXNativeTarget "Rock Paper Scissors Bang" */ = {
			isa = XCConfigurationList;
			buildConfigurations = (
				5090E02E1EE862AD00313E64 /* Debug */,
				5090E02F1EE862AD00313E64 /* Release */,
			);
			defaultConfigurationIsVisible = 0;
		};
/* End XCConfigurationList section */
	};
	rootObject = 5090E0131EE8629F00313E64 /* Project object */;
}
